
Microsoft Visual Studio Solution File, Format Version 12.00
# Visual Studio Version 17
VisualStudioVersion = 17.7.34003.232
MinimumVisualStudioVersion = 10.0.40219.1
Project("{FAE04EC0-301F-11D3-BF4B-00C04F79EFBC}") = "ProjetoMusical", "ProjetoMusical\ProjetoMusical.csproj", "{CA53EF51-02A1-4DBC-950B-EBC95A49082B}"
EndProject
Global
	GlobalSection(SolutionConfigurationPlatforms) = preSolution
		Debug|Any CPU = Debug|Any CPU
		Release|Any CPU = Release|Any CPU
	EndGlobalSection
	GlobalSection(ProjectConfigurationPlatforms) = postSolution
		{CA53EF51-02A1-4DBC-950B-EBC95A49082B}.Debug|Any CPU.ActiveCfg = Debug|Any CPU
		{CA53EF51-02A1-4DBC-950B-EBC95A49082B}.Debug|Any CPU.Build.0 = Debug|Any CPU
		{CA53EF51-02A1-4DBC-950B-EBC95A49082B}.Release|Any CPU.ActiveCfg = Release|Any CPU
		{CA53EF51-02A1-4DBC-950B-EBC95A49082B}.Release|Any CPU.Build.0 = Release|Any CPU
	EndGlobalSection
	GlobalSection(SolutionProperties) = preSolution
		HideSolutionNode = FALSE
	EndGlobalSection
	GlobalSection(ExtensibilityGlobals) = postSolution
		SolutionGuid = {188C3EA2-7FAD-4A74-A242-AC73A9AC7F5A}
	EndGlobalSection
EndGlobal
